
Microsoft Visual Studio Solution File, Format Version 12.00
# Visual Studio 15
VisualStudioVersion = 15.0.28307.572
MinimumVisualStudioVersion = 10.0.40219.1
Project("{FAE04EC0-301F-11D3-BF4B-00C04F79EFBC}") = "BTL_ThucTapNhom_DoMin", "BTL_ThucTapNhom_DoMin\BTL_ThucTapNhom_DoMin.csproj", "{55C5E84C-9E88-4CFE-88FF-CE30CF7263EF}"
EndProject
Global
	GlobalSection(SolutionConfigurationPlatforms) = preSolution
		Debug|Any CPU = Debug|Any CPU
		Release|Any CPU = Release|Any CPU
	EndGlobalSection
	GlobalSection(ProjectConfigurationPlatforms) = postSolution
		{55C5E84C-9E88-4CFE-88FF-CE30CF7263EF}.Debug|Any CPU.ActiveCfg = Debug|Any CPU
		{55C5E84C-9E88-4CFE-88FF-CE30CF7263EF}.Debug|Any CPU.Build.0 = Debug|Any CPU
		{55C5E84C-9E88-4CFE-88FF-CE30CF7263EF}.Release|Any CPU.ActiveCfg = Release|Any CPU
		{55C5E84C-9E88-4CFE-88FF-CE30CF7263EF}.Release|Any CPU.Build.0 = Release|Any CPU
	EndGlobalSection
	GlobalSection(SolutionProperties) = preSolution
		HideSolutionNode = FALSE
	EndGlobalSection
	GlobalSection(ExtensibilityGlobals) = postSolution
		SolutionGuid = {C89C0C84-FC66-4D3B-B285-598BAB351E74}
	EndGlobalSection
EndGlobal
